// !$*UTF8*$!
{
	archiveVersion = 1;
	classes = {
	};
	objectVersion = 46;
	objects = {

/* Begin PBXBuildFile section */
		8A2795391EF8AB4800FE1240 /* RecentColorsCollectionViewController.swift in Sources */ = {isa = PBXBuildFile; fileRef = 8A2795381EF8AB4800FE1240 /* RecentColorsCollectionViewController.swift */; };
		8A27953C1EF8AD3900FE1240 /* RecentColorCollectionViewCell.swift in Sources */ = {isa = PBXBuildFile; fileRef = 8A27953B1EF8AD3900FE1240 /* RecentColorCollectionViewCell.swift */; };
		8A27953F1EF8AF1500FE1240 /* RecentColor.swift in Sources */ = {isa = PBXBuildFile; fileRef = 8A27953E1EF8AF1500FE1240 /* RecentColor.swift */; };
		8A46CFE91EF4A706001FD901 /* ColorPickerView.swift in Sources */ = {isa = PBXBuildFile; fileRef = 8A46CFE81EF4A706001FD901 /* ColorPickerView.swift */; };
		8A46CFEB1EF4A718001FD901 /* Extensions.swift in Sources */ = {isa = PBXBuildFile; fileRef = 8A46CFEA1EF4A718001FD901 /* Extensions.swift */; };
		8A9F69951EF4A65A00EA5AAA /* AppDelegate.swift in Sources */ = {isa = PBXBuildFile; fileRef = 8A9F69941EF4A65A00EA5AAA /* AppDelegate.swift */; };
		8A9F69971EF4A65A00EA5AAA /* ViewController.swift in Sources */ = {isa = PBXBuildFile; fileRef = 8A9F69961EF4A65A00EA5AAA /* ViewController.swift */; };
		8A9F699C1EF4A65A00EA5AAA /* Assets.xcassets in Resources */ = {isa = PBXBuildFile; fileRef = 8A9F699B1EF4A65A00EA5AAA /* Assets.xcassets */; };
		8A9F699F1EF4A65A00EA5AAA /* LaunchScreen.storyboard in Resources */ = {isa = PBXBuildFile; fileRef = 8A9F699D1EF4A65A00EA5AAA /* LaunchScreen.storyboard */; };
/* End PBXBuildFile section */

/* Begin PBXFileReference section */
		8A2795381EF8AB4800FE1240 /* RecentColorsCollectionViewController.swift */ = {isa = PBXFileReference; fileEncoding = 4; lastKnownFileType = sourcecode.swift; path = RecentColorsCollectionViewController.swift; sourceTree = "<group>"; };
		8A27953B1EF8AD3900FE1240 /* RecentColorCollectionViewCell.swift */ = {isa = PBXFileReference; fileEncoding = 4; lastKnownFileType = sourcecode.swift; path = RecentColorCollectionViewCell.swift; sourceTree = "<group>"; };
		8A27953E1EF8AF1500FE1240 /* RecentColor.swift */ = {isa = PBXFileReference; fileEncoding = 4; lastKnownFileType = sourcecode.swift; path = RecentColor.swift; sourceTree = "<group>"; };
		8A46CFE81EF4A706001FD901 /* ColorPickerView.swift */ = {isa = PBXFileReference; fileEncoding = 4; lastKnownFileType = sourcecode.swift; path = ColorPickerView.swift; sourceTree = "<group>"; };
		8A46CFEA1EF4A718001FD901 /* Extensions.swift */ = {isa = PBXFileReference; fileEncoding = 4; lastKnownFileType = sourcecode.swift; path = Extensions.swift; sourceTree = "<group>"; };
		8A9F69911EF4A65A00EA5AAA /* ColorWallpaperCreator.app */ = {isa = PBXFileReference; explicitFileType = wrapper.application; includeInIndex = 0; path = ColorWallpaperCreator.app; sourceTree = BUILT_PRODUCTS_DIR; };
		8A9F69941EF4A65A00EA5AAA /* AppDelegate.swift */ = {isa = PBXFileReference; lastKnownFileType = sourcecode.swift; path = AppDelegate.swift; sourceTree = "<group>"; };
		8A9F69961EF4A65A00EA5AAA /* ViewController.swift */ = {isa = PBXFileReference; lastKnownFileType = sourcecode.swift; path = ViewController.swift; sourceTree = "<group>"; };
		8A9F699B1EF4A65A00EA5AAA /* Assets.xcassets */ = {isa = PBXFileReference; lastKnownFileType = folder.assetcatalog; path = Assets.xcassets; sourceTree = "<group>"; };
		8A9F699E1EF4A65A00EA5AAA /* Base */ = {isa = PBXFileReference; lastKnownFileType = file.storyboard; name = Base; path = Base.lproj/LaunchScreen.storyboard; sourceTree = "<group>"; };
		8A9F69A01EF4A65A00EA5AAA /* Info.plist */ = {isa = PBXFileReference; lastKnownFileType = text.plist.xml; path = Info.plist; sourceTree = "<group>"; };
/* End PBXFileReference section */

/* Begin PBXFrameworksBuildPhase section */
		8A9F698E1EF4A65A00EA5AAA /* Frameworks */ = {
			isa = PBXFrameworksBuildPhase;
			buildActionMask = 2147483647;
			files = (
			);
			runOnlyForDeploymentPostprocessing = 0;
		};
/* End PBXFrameworksBuildPhase section */

/* Begin PBXGroup section */
		8A27953D1EF8AF0500FE1240 /* Model */ = {
			isa = PBXGroup;
			children = (
				8A27953E1EF8AF1500FE1240 /* RecentColor.swift */,
			);
			name = Model;
			sourceTree = "<group>";
		};
		8A46CFEE1EF4A850001FD901 /* Controllers */ = {
			isa = PBXGroup;
			children = (
				8A9F69961EF4A65A00EA5AAA /* ViewController.swift */,
				8A2795381EF8AB4800FE1240 /* RecentColorsCollectionViewController.swift */,
			);
			name = Controllers;
			sourceTree = "<group>";
		};
		8A46CFEF1EF4A85D001FD901 /* Views */ = {
			isa = PBXGroup;
			children = (
				8A46CFE81EF4A706001FD901 /* ColorPickerView.swift */,
				8A27953B1EF8AD3900FE1240 /* RecentColorCollectionViewCell.swift */,
			);
			name = Views;
			sourceTree = "<group>";
		};
		8A46CFF01EF4A862001FD901 /* Utilities */ = {
			isa = PBXGroup;
			children = (
				8A46CFEA1EF4A718001FD901 /* Extensions.swift */,
			);
			name = Utilities;
			sourceTree = "<group>";
		};
		8A9F69881EF4A65A00EA5AAA = {
			isa = PBXGroup;
			children = (
				8A9F69931EF4A65A00EA5AAA /* ColorWallpaperCreator */,
				8A9F69921EF4A65A00EA5AAA /* Products */,
			);
			sourceTree = "<group>";
		};
		8A9F69921EF4A65A00EA5AAA /* Products */ = {
			isa = PBXGroup;
			children = (
				8A9F69911EF4A65A00EA5AAA /* ColorWallpaperCreator.app */,
			);
			name = Products;
			sourceTree = "<group>";
		};
		8A9F69931EF4A65A00EA5AAA /* ColorWallpaperCreator */ = {
			isa = PBXGroup;
			children = (
				8A9F69941EF4A65A00EA5AAA /* AppDelegate.swift */,
				8A27953D1EF8AF0500FE1240 /* Model */,
				8A46CFEF1EF4A85D001FD901 /* Views */,
				8A46CFEE1EF4A850001FD901 /* Controllers */,
				8A46CFF01EF4A862001FD901 /* Utilities */,
				8A9F699B1EF4A65A00EA5AAA /* Assets.xcassets */,
				8A9F699D1EF4A65A00EA5AAA /* LaunchScreen.storyboard */,
				8A9F69A01EF4A65A00EA5AAA /* Info.plist */,
			);
			path = ColorWallpaperCreator;
			sourceTree = "<group>";
		};
/* End PBXGroup section */

/* Begin PBXNativeTarget section */
		8A9F69901EF4A65A00EA5AAA /* ColorWallpaperCreator */ = {
			isa = PBXNativeTarget;
			buildConfigurationList = 8A9F69A31EF4A65A00EA5AAA /* Build configuration list for PBXNativeTarget "ColorWallpaperCreator" */;
			buildPhases = (
				8A9F698D1EF4A65A00EA5AAA /* Sources */,
				8A9F698E1EF4A65A00EA5AAA /* Frameworks */,
				8A9F698F1EF4A65A00EA5AAA /* Resources */,
				8A46CFED1EF4A7C7001FD901 /* Swiftlint */,
			);
			buildRules = (
			);
			dependencies = (
			);
			name = ColorWallpaperCreator;
			productName = ColorWallpaperCreator;
			productReference = 8A9F69911EF4A65A00EA5AAA /* ColorWallpaperCreator.app */;
			productType = "com.apple.product-type.application";
		};
/* End PBXNativeTarget section */

/* Begin PBXProject section */
		8A9F69891EF4A65A00EA5AAA /* Project object */ = {
			isa = PBXProject;
			attributes = {
				LastSwiftUpdateCheck = 0830;
				LastUpgradeCheck = 0900;
				ORGANIZATIONNAME = "Jeff Moran";
				TargetAttributes = {
					8A9F69901EF4A65A00EA5AAA = {
						CreatedOnToolsVersion = 8.3.3;
						DevelopmentTeam = TR5WFN5468;
						LastSwiftMigration = 0900;
						ProvisioningStyle = Automatic;
					};
				};
			};
			buildConfigurationList = 8A9F698C1EF4A65A00EA5AAA /* Build configuration list for PBXProject "ColorWallpaperCreator" */;
			compatibilityVersion = "Xcode 3.2";
			developmentRegion = English;
			hasScannedForEncodings = 0;
			knownRegions = (
				en,
				Base,
			);
			mainGroup = 8A9F69881EF4A65A00EA5AAA;
			productRefGroup = 8A9F69921EF4A65A00EA5AAA /* Products */;
			projectDirPath = "";
			projectRoot = "";
			targets = (
				8A9F69901EF4A65A00EA5AAA /* ColorWallpaperCreator */,
			);
		};
/* End PBXProject section */

/* Begin PBXResourcesBuildPhase section */
		8A9F698F1EF4A65A00EA5AAA /* Resources */ = {
			isa = PBXResourcesBuildPhase;
			buildActionMask = 2147483647;
			files = (
				8A9F699F1EF4A65A00EA5AAA /* LaunchScreen.storyboard in Resources */,
				8A9F699C1EF4A65A00EA5AAA /* Assets.xcassets in Resources */,
			);
			runOnlyForDeploymentPostprocessing = 0;
		};
/* End PBXResourcesBuildPhase section */

/* Begin PBXShellScriptBuildPhase section */
		8A46CFED1EF4A7C7001FD901 /* Swiftlint */ = {
			isa = PBXShellScriptBuildPhase;
			buildActionMask = 2147483647;
			files = (
			);
			inputPaths = (
			);
			name = Swiftlint;
			outputPaths = (
			);
			runOnlyForDeploymentPostprocessing = 0;
			shellPath = /bin/sh;
			shellScript = "if which swiftlint >/dev/null; then\nswiftlint\nelse\necho \"warning: SwiftLint not installed, download from https://github.com/realm/SwiftLint\"\nfi";
		};
/* End PBXShellScriptBuildPhase section */

/* Begin PBXSourcesBuildPhase section */
		8A9F698D1EF4A65A00EA5AAA /* Sources */ = {
			isa = PBXSourcesBuildPhase;
			buildActionMask = 2147483647;
			files = (
				8A9F69971EF4A65A00EA5AAA /* ViewController.swift in Sources */,
				8A9F69951EF4A65A00EA5AAA /* AppDelegate.swift in Sources */,
				8A2795391EF8AB4800FE1240 /* RecentColorsCollectionViewController.swift in Sources */,
				8A46CFE91EF4A706001FD901 /* ColorPickerView.swift in Sources */,
				8A46CFEB1EF4A718001FD901 /* Extensions.swift in Sources */,
				8A27953F1EF8AF1500FE1240 /* RecentColor.swift in Sources */,
				8A27953C1EF8AD3900FE1240 /* RecentColorCollectionViewCell.swift in Sources */,
			);
			runOnlyForDeploymentPostprocessing = 0;
		};
/* End PBXSourcesBuildPhase section */

/* Begin PBXVariantGroup section */
		8A9F699D1EF4A65A00EA5AAA /* LaunchScreen.storyboard */ = {
			isa = PBXVariantGroup;
			children = (
				8A9F699E1EF4A65A00EA5AAA /* Base */,
			);
			name = LaunchScreen.storyboard;
			sourceTree = "<group>";
		};
/* End PBXVariantGroup section */

/* Begin XCBuildConfiguration section */
		8A9F69A11EF4A65A00EA5AAA /* Debug */ = {
			isa = XCBuildConfiguration;
			buildSettings = {
				ALWAYS_SEARCH_USER_PATHS = NO;
				CLANG_ANALYZER_NONNULL = YES;
				CLANG_ANALYZER_NUMBER_OBJECT_CONVERSION = YES_AGGRESSIVE;
				CLANG_CXX_LANGUAGE_STANDARD = "gnu++0x";
				CLANG_CXX_LIBRARY = "libc++";
				CLANG_ENABLE_MODULES = YES;
				CLANG_ENABLE_OBJC_ARC = YES;
				CLANG_WARN_BLOCK_CAPTURE_AUTORELEASING = YES;
				CLANG_WARN_BOOL_CONVERSION = YES;
				CLANG_WARN_COMMA = YES;
				CLANG_WARN_CONSTANT_CONVERSION = YES;
				CLANG_WARN_DIRECT_OBJC_ISA_USAGE = YES_ERROR;
				CLANG_WARN_DOCUMENTATION_COMMENTS = YES;
				CLANG_WARN_EMPTY_BODY = YES;
				CLANG_WARN_ENUM_CONVERSION = YES;
				CLANG_WARN_INFINITE_RECURSION = YES;
				CLANG_WARN_INT_CONVERSION = YES;
				CLANG_WARN_NON_LITERAL_NULL_CONVERSION = YES;
				CLANG_WARN_OBJC_LITERAL_CONVERSION = YES;
				CLANG_WARN_OBJC_ROOT_CLASS = YES_ERROR;
				CLANG_WARN_RANGE_LOOP_ANALYSIS = YES;
				CLANG_WARN_STRICT_PROTOTYPES = YES;
				CLANG_WARN_SUSPICIOUS_MOVE = YES;
				CLANG_WARN_UNREACHABLE_CODE = YES;
				CLANG_WARN__DUPLICATE_METHOD_MATCH = YES;
				"CODE_SIGN_IDENTITY[sdk=iphoneos*]" = "iPhone Developer";
				COPY_PHASE_STRIP = NO;
				DEBUG_INFORMATION_FORMAT = dwarf;
				ENABLE_STRICT_OBJC_MSGSEND = YES;
				ENABLE_TESTABILITY = YES;
				GCC_C_LANGUAGE_STANDARD = gnu99;
				GCC_DYNAMIC_NO_PIC = NO;
				GCC_NO_COMMON_BLOCKS = YES;
				GCC_OPTIMIZATION_LEVEL = 0;
				GCC_PREPROCESSOR_DEFINITIONS = (
					"DEBUG=1",
					"$(inherited)",
				);
				GCC_WARN_64_TO_32_BIT_CONVERSION = YES;
				GCC_WARN_ABOUT_RETURN_TYPE = YES_ERROR;
				GCC_WARN_UNDECLARED_SELECTOR = YES;
				GCC_WARN_UNINITIALIZED_AUTOS = YES_AGGRESSIVE;
				GCC_WARN_UNUSED_FUNCTION = YES;
				GCC_WARN_UNUSED_VARIABLE = YES;
				IPHONEOS_DEPLOYMENT_TARGET = 10.3;
				MTL_ENABLE_DEBUG_INFO = YES;
				ONLY_ACTIVE_ARCH = YES;
				SDKROOT = iphoneos;
				SWIFT_ACTIVE_COMPILATION_CONDITIONS = DEBUG;
				SWIFT_OPTIMIZATION_LEVEL = "-Onone";
			};
			name = Debug;
		};
		8A9F69A21EF4A65A00EA5AAA /* Release */ = {
			isa = XCBuildConfiguration;
			buildSettings = {
				ALWAYS_SEARCH_USER_PATHS = NO;
				CLANG_ANALYZER_NONNULL = YES;
				CLANG_ANALYZER_NUMBER_OBJECT_CONVERSION = YES_AGGRESSIVE;
				CLANG_CXX_LANGUAGE_STANDARD = "gnu++0x";
				CLANG_CXX_LIBRARY = "libc++";
				CLANG_ENABLE_MODULES = YES;
				CLANG_ENABLE_OBJC_ARC = YES;
				CLANG_WARN_BLOCK_CAPTURE_AUTORELEASING = YES;
				CLANG_WARN_BOOL_CONVERSION = YES;
				CLANG_WARN_COMMA = YES;
				CLANG_WARN_CONSTANT_CONVERSION = YES;
				CLANG_WARN_DIRECT_OBJC_ISA_USAGE = YES_ERROR;
				CLANG_WARN_DOCUMENTATION_COMMENTS = YES;
				CLANG_WARN_EMPTY_BODY = YES;
				CLANG_WARN_ENUM_CONVERSION = YES;
				CLANG_WARN_INFINITE_RECURSION = YES;
				CLANG_WARN_INT_CONVERSION = YES;
				CLANG_WARN_NON_LITERAL_NULL_CONVERSION = YES;
				CLANG_WARN_OBJC_LITERAL_CONVERSION = YES;
				CLANG_WARN_OBJC_ROOT_CLASS = YES_ERROR;
				CLANG_WARN_RANGE_LOOP_ANALYSIS = YES;
				CLANG_WARN_STRICT_PROTOTYPES = YES;
				CLANG_WARN_SUSPICIOUS_MOVE = YES;
				CLANG_WARN_UNREACHABLE_CODE = YES;
				CLANG_WARN__DUPLICATE_METHOD_MATCH = YES;
				"CODE_SIGN_IDENTITY[sdk=iphoneos*]" = "iPhone Developer";
				COPY_PHASE_STRIP = NO;
				DEBUG_INFORMATION_FORMAT = "dwarf-with-dsym";
				ENABLE_NS_ASSERTIONS = NO;
				ENABLE_STRICT_OBJC_MSGSEND = YES;
				GCC_C_LANGUAGE_STANDARD = gnu99;
				GCC_NO_COMMON_BLOCKS = YES;
				GCC_WARN_64_TO_32_BIT_CONVERSION = YES;
				GCC_WARN_ABOUT_RETURN_TYPE = YES_ERROR;
				GCC_WARN_UNDECLARED_SELECTOR = YES;
				GCC_WARN_UNINITIALIZED_AUTOS = YES_AGGRESSIVE;
				GCC_WARN_UNUSED_FUNCTION = YES;
				GCC_WARN_UNUSED_VARIABLE = YES;
				IPHONEOS_DEPLOYMENT_TARGET = 10.3;
				MTL_ENABLE_DEBUG_INFO = NO;
				SDKROOT = iphoneos;
				SWIFT_OPTIMIZATION_LEVEL = "-Owholemodule";
				VALIDATE_PRODUCT = YES;
			};
			name = Release;
		};
		8A9F69A41EF4A65A00EA5AAA /* Debug */ = {
			isa = XCBuildConfiguration;
			buildSettings = {
				ASSETCATALOG_COMPILER_APPICON_NAME = AppIcon;
				DEVELOPMENT_TEAM = TR5WFN5468;
				INFOPLIST_FILE = ColorWallpaperCreator/Info.plist;
				IPHONEOS_DEPLOYMENT_TARGET = 10.0;
				LD_RUNPATH_SEARCH_PATHS = "$(inherited) @executable_path/Frameworks";
				PRODUCT_BUNDLE_IDENTIFIER = com.jeffmoran.ColorWallpaperCreator;
				PRODUCT_NAME = "$(TARGET_NAME)";
				SWIFT_VERSION = 4.0;
				TARGETED_DEVICE_FAMILY = "1,2";
			};
			name = Debug;
		};
		8A9F69A51EF4A65A00EA5AAA /* Release */ = {
			isa = XCBuildConfiguration;
			buildSettings = {
				ASSETCATALOG_COMPILER_APPICON_NAME = AppIcon;
				DEVELOPMENT_TEAM = TR5WFN5468;
				INFOPLIST_FILE = ColorWallpaperCreator/Info.plist;
				IPHONEOS_DEPLOYMENT_TARGET = 10.0;
				LD_RUNPATH_SEARCH_PATHS = "$(inherited) @executable_path/Frameworks";
				PRODUCT_BUNDLE_IDENTIFIER = com.jeffmoran.ColorWallpaperCreator;
				PRODUCT_NAME = "$(TARGET_NAME)";
				SWIFT_VERSION = 4.0;
				TARGETED_DEVICE_FAMILY = "1,2";
			};
			name = Release;
		};
/* End XCBuildConfiguration section */

/* Begin XCConfigurationList section */
		8A9F698C1EF4A65A00EA5AAA /* Build configuration list for PBXProject "ColorWallpaperCreator" */ = {
			isa = XCConfigurationList;
			buildConfigurations = (
				8A9F69A11EF4A65A00EA5AAA /* Debug */,
				8A9F69A21EF4A65A00EA5AAA /* Release */,
			);
			defaultConfigurationIsVisible = 0;
			defaultConfigurationName = Release;
		};
		8A9F69A31EF4A65A00EA5AAA /* Build configuration list for PBXNativeTarget "ColorWallpaperCreator" */ = {
			isa = XCConfigurationList;
			buildConfigurations = (
				8A9F69A41EF4A65A00EA5AAA /* Debug */,
				8A9F69A51EF4A65A00EA5AAA /* Release */,
			);
			defaultConfigurationIsVisible = 0;
			defaultConfigurationName = Release;
		};
/* End XCConfigurationList section */
	};
	rootObject = 8A9F69891EF4A65A00EA5AAA /* Project object */;
}
